// !$*UTF8*$!
{
	archiveVersion = 1;
	classes = {
	};
	objectVersion = 50;
	objects = {

/* Begin PBXBuildFile section */
		44AA311A227A2BE700703AB9 /* Makefile in Sources */ = {isa = PBXBuildFile; fileRef = 44AA3117227A2BE700703AB9 /* Makefile */; };
		44AA311B227A2BE700703AB9 /* b_hashtables.c in Sources */ = {isa = PBXBuildFile; fileRef = 44AA3118227A2BE700703AB9 /* b_hashtables.c */; };
		44AA312B227B90AF00703AB9 /* hashtables.c in Sources */ = {isa = PBXBuildFile; fileRef = 44AA3128227B90AF00703AB9 /* hashtables.c */; };
		44AA312C227B90AF00703AB9 /* Makefile in Sources */ = {isa = PBXBuildFile; fileRef = 44AA3129227B90AF00703AB9 /* Makefile */; };
/* End PBXBuildFile section */

/* Begin PBXCopyFilesBuildPhase section */
		44AA310A227A2BD200703AB9 /* CopyFiles */ = {
			isa = PBXCopyFilesBuildPhase;
			buildActionMask = 2147483647;
			dstPath = /usr/share/man/man1/;
			dstSubfolderSpec = 0;
			files = (
			);
			runOnlyForDeploymentPostprocessing = 1;
		};
		44AA311E227B902200703AB9 /* CopyFiles */ = {
			isa = PBXCopyFilesBuildPhase;
			buildActionMask = 2147483647;
			dstPath = /usr/share/man/man1/;
			dstSubfolderSpec = 0;
			files = (
			);
			runOnlyForDeploymentPostprocessing = 1;
		};
/* End PBXCopyFilesBuildPhase section */

/* Begin PBXFileReference section */
		44AA310C227A2BD200703AB9 /* Hash-Tables */ = {isa = PBXFileReference; explicitFileType = "compiled.mach-o.executable"; includeInIndex = 0; path = "Hash-Tables"; sourceTree = BUILT_PRODUCTS_DIR; };
		44AA3116227A2BE700703AB9 /* tests */ = {isa = PBXFileReference; lastKnownFileType = folder; name = tests; path = ../../basic_hashtable/tests; sourceTree = "<group>"; };
		44AA3117227A2BE700703AB9 /* Makefile */ = {isa = PBXFileReference; fileEncoding = 4; lastKnownFileType = sourcecode.make; name = Makefile; path = ../../basic_hashtable/Makefile; sourceTree = "<group>"; };
		44AA3118227A2BE700703AB9 /* b_hashtables.c */ = {isa = PBXFileReference; fileEncoding = 4; lastKnownFileType = sourcecode.c.c; name = b_hashtables.c; path = ../../basic_hashtable/b_hashtables.c; sourceTree = "<group>"; };
		44AA3119227A2BE700703AB9 /* b_hashtables.h */ = {isa = PBXFileReference; fileEncoding = 4; lastKnownFileType = sourcecode.c.h; name = b_hashtables.h; path = ../../basic_hashtable/b_hashtables.h; sourceTree = "<group>"; };
		44AA3120227B902200703AB9 /* full_hash_table */ = {isa = PBXFileReference; explicitFileType = "compiled.mach-o.executable"; includeInIndex = 0; path = full_hash_table; sourceTree = BUILT_PRODUCTS_DIR; };
		44AA3127227B90AF00703AB9 /* hashtables.h */ = {isa = PBXFileReference; fileEncoding = 4; lastKnownFileType = sourcecode.c.h; name = hashtables.h; path = ../../full_hashtable/hashtables.h; sourceTree = "<group>"; };
		44AA3128227B90AF00703AB9 /* hashtables.c */ = {isa = PBXFileReference; fileEncoding = 4; lastKnownFileType = sourcecode.c.c; name = hashtables.c; path = ../../full_hashtable/hashtables.c; sourceTree = "<group>"; };
		44AA3129227B90AF00703AB9 /* Makefile */ = {isa = PBXFileReference; fileEncoding = 4; lastKnownFileType = sourcecode.make; name = Makefile; path = ../../full_hashtable/Makefile; sourceTree = "<group>"; };
		44AA312A227B90AF00703AB9 /* tests */ = {isa = PBXFileReference; lastKnownFileType = folder; name = tests; path = ../../full_hashtable/tests; sourceTree = "<group>"; };
/* End PBXFileReference section */

/* Begin PBXFrameworksBuildPhase section */
		44AA3109227A2BD200703AB9 /* Frameworks */ = {
			isa = PBXFrameworksBuildPhase;
			buildActionMask = 2147483647;
			files = (
			);
			runOnlyForDeploymentPostprocessing = 0;
		};
		44AA311D227B902200703AB9 /* Frameworks */ = {
			isa = PBXFrameworksBuildPhase;
			buildActionMask = 2147483647;
			files = (
			);
			runOnlyForDeploymentPostprocessing = 0;
		};
/* End PBXFrameworksBuildPhase section */

/* Begin PBXGroup section */
		44AA3103227A2BD200703AB9 = {
			isa = PBXGroup;
			children = (
				44AA310E227A2BD200703AB9 /* Hash-Tables */,
				44AA3121227B902300703AB9 /* full_hash_table */,
				44AA310D227A2BD200703AB9 /* Products */,
			);
			sourceTree = "<group>";
		};
		44AA310D227A2BD200703AB9 /* Products */ = {
			isa = PBXGroup;
			children = (
				44AA310C227A2BD200703AB9 /* Hash-Tables */,
				44AA3120227B902200703AB9 /* full_hash_table */,
			);
			name = Products;
			sourceTree = "<group>";
		};
		44AA310E227A2BD200703AB9 /* Hash-Tables */ = {
			isa = PBXGroup;
			children = (
				44AA3118227A2BE700703AB9 /* b_hashtables.c */,
				44AA3119227A2BE700703AB9 /* b_hashtables.h */,
				44AA3117227A2BE700703AB9 /* Makefile */,
				44AA3116227A2BE700703AB9 /* tests */,
			);
			path = "Hash-Tables";
			sourceTree = "<group>";
		};
		44AA3121227B902300703AB9 /* full_hash_table */ = {
			isa = PBXGroup;
			children = (
				44AA3128227B90AF00703AB9 /* hashtables.c */,
				44AA3127227B90AF00703AB9 /* hashtables.h */,
				44AA3129227B90AF00703AB9 /* Makefile */,
				44AA312A227B90AF00703AB9 /* tests */,
			);
			path = full_hash_table;
			sourceTree = "<group>";
		};
/* End PBXGroup section */

/* Begin PBXNativeTarget section */
		44AA310B227A2BD200703AB9 /* Hash-Tables */ = {
			isa = PBXNativeTarget;
			buildConfigurationList = 44AA3113227A2BD200703AB9 /* Build configuration list for PBXNativeTarget "Hash-Tables" */;
			buildPhases = (
				44AA3108227A2BD200703AB9 /* Sources */,
				44AA3109227A2BD200703AB9 /* Frameworks */,
				44AA310A227A2BD200703AB9 /* CopyFiles */,
			);
			buildRules = (
			);
			dependencies = (
			);
			name = "Hash-Tables";
			productName = "Hash-Tables";
			productReference = 44AA310C227A2BD200703AB9 /* Hash-Tables */;
			productType = "com.apple.product-type.tool";
		};
		44AA311F227B902200703AB9 /* full_hash_table */ = {
			isa = PBXNativeTarget;
			buildConfigurationList = 44AA3124227B902300703AB9 /* Build configuration list for PBXNativeTarget "full_hash_table" */;
			buildPhases = (
				44AA311C227B902200703AB9 /* Sources */,
				44AA311D227B902200703AB9 /* Frameworks */,
				44AA311E227B902200703AB9 /* CopyFiles */,
			);
			buildRules = (
			);
			dependencies = (
			);
			name = full_hash_table;
			productName = full_hash_table;
			productReference = 44AA3120227B902200703AB9 /* full_hash_table */;
			productType = "com.apple.product-type.tool";
		};
/* End PBXNativeTarget section */

/* Begin PBXProject section */
		44AA3104227A2BD200703AB9 /* Project object */ = {
			isa = PBXProject;
			attributes = {
				LastUpgradeCheck = 1020;
				ORGANIZATIONNAME = "Lambda School Labs";
				TargetAttributes = {
					44AA310B227A2BD200703AB9 = {
						CreatedOnToolsVersion = 10.2.1;
					};
					44AA311F227B902200703AB9 = {
						CreatedOnToolsVersion = 10.2.1;
					};
				};
			};
			buildConfigurationList = 44AA3107227A2BD200703AB9 /* Build configuration list for PBXProject "Hash-Tables" */;
			compatibilityVersion = "Xcode 9.3";
			developmentRegion = en;
			hasScannedForEncodings = 0;
			knownRegions = (
				en,
			);
			mainGroup = 44AA3103227A2BD200703AB9;
			productRefGroup = 44AA310D227A2BD200703AB9 /* Products */;
			projectDirPath = "";
			projectRoot = "";
			targets = (
				44AA310B227A2BD200703AB9 /* Hash-Tables */,
				44AA311F227B902200703AB9 /* full_hash_table */,
			);
		};
/* End PBXProject section */

/* Begin PBXSourcesBuildPhase section */
		44AA3108227A2BD200703AB9 /* Sources */ = {
			isa = PBXSourcesBuildPhase;
			buildActionMask = 2147483647;
			files = (
				44AA311A227A2BE700703AB9 /* Makefile in Sources */,
				44AA311B227A2BE700703AB9 /* b_hashtables.c in Sources */,
			);
			runOnlyForDeploymentPostprocessing = 0;
		};
		44AA311C227B902200703AB9 /* Sources */ = {
			isa = PBXSourcesBuildPhase;
			buildActionMask = 2147483647;
			files = (
				44AA312C227B90AF00703AB9 /* Makefile in Sources */,
				44AA312B227B90AF00703AB9 /* hashtables.c in Sources */,
			);
			runOnlyForDeploymentPostprocessing = 0;
		};
/* End PBXSourcesBuildPhase section */

/* Begin XCBuildConfiguration section */
		44AA3111227A2BD200703AB9 /* Debug */ = {
			isa = XCBuildConfiguration;
			buildSettings = {
				ALWAYS_SEARCH_USER_PATHS = NO;
				CLANG_ANALYZER_NONNULL = YES;
				CLANG_ANALYZER_NUMBER_OBJECT_CONVERSION = YES_AGGRESSIVE;
				CLANG_CXX_LANGUAGE_STANDARD = "gnu++14";
				CLANG_CXX_LIBRARY = "libc++";
				CLANG_ENABLE_MODULES = YES;
				CLANG_ENABLE_OBJC_ARC = YES;
				CLANG_ENABLE_OBJC_WEAK = YES;
				CLANG_WARN_BLOCK_CAPTURE_AUTORELEASING = YES;
				CLANG_WARN_BOOL_CONVERSION = YES;
				CLANG_WARN_COMMA = YES;
				CLANG_WARN_CONSTANT_CONVERSION = YES;
				CLANG_WARN_DEPRECATED_OBJC_IMPLEMENTATIONS = YES;
				CLANG_WARN_DIRECT_OBJC_ISA_USAGE = YES_ERROR;
				CLANG_WARN_DOCUMENTATION_COMMENTS = YES;
				CLANG_WARN_EMPTY_BODY = YES;
				CLANG_WARN_ENUM_CONVERSION = YES;
				CLANG_WARN_INFINITE_RECURSION = YES;
				CLANG_WARN_INT_CONVERSION = YES;
				CLANG_WARN_NON_LITERAL_NULL_CONVERSION = YES;
				CLANG_WARN_OBJC_IMPLICIT_RETAIN_SELF = YES;
				CLANG_WARN_OBJC_LITERAL_CONVERSION = YES;
				CLANG_WARN_OBJC_ROOT_CLASS = YES_ERROR;
				CLANG_WARN_RANGE_LOOP_ANALYSIS = YES;
				CLANG_WARN_STRICT_PROTOTYPES = YES;
				CLANG_WARN_SUSPICIOUS_MOVE = YES;
				CLANG_WARN_UNGUARDED_AVAILABILITY = YES_AGGRESSIVE;
				CLANG_WARN_UNREACHABLE_CODE = YES;
				CLANG_WARN__DUPLICATE_METHOD_MATCH = YES;
				CODE_SIGN_IDENTITY = "Mac Developer";
				COPY_PHASE_STRIP = NO;
				DEBUG_INFORMATION_FORMAT = dwarf;
				ENABLE_STRICT_OBJC_MSGSEND = YES;
				ENABLE_TESTABILITY = YES;
				GCC_C_LANGUAGE_STANDARD = gnu11;
				GCC_DYNAMIC_NO_PIC = NO;
				GCC_NO_COMMON_BLOCKS = YES;
				GCC_OPTIMIZATION_LEVEL = 0;
				GCC_PREPROCESSOR_DEFINITIONS = (
					"DEBUG=1",
					"$(inherited)",
				);
				GCC_WARN_64_TO_32_BIT_CONVERSION = YES;
				GCC_WARN_ABOUT_RETURN_TYPE = YES_ERROR;
				GCC_WARN_UNDECLARED_SELECTOR = YES;
				GCC_WARN_UNINITIALIZED_AUTOS = YES_AGGRESSIVE;
				GCC_WARN_UNUSED_FUNCTION = YES;
				GCC_WARN_UNUSED_VARIABLE = YES;
				MACOSX_DEPLOYMENT_TARGET = 10.14;
				MTL_ENABLE_DEBUG_INFO = INCLUDE_SOURCE;
				MTL_FAST_MATH = YES;
				ONLY_ACTIVE_ARCH = YES;
				SDKROOT = macosx;
			};
			name = Debug;
		};
		44AA3112227A2BD200703AB9 /* Release */ = {
			isa = XCBuildConfiguration;
			buildSettings = {
				ALWAYS_SEARCH_USER_PATHS = NO;
				CLANG_ANALYZER_NONNULL = YES;
				CLANG_ANALYZER_NUMBER_OBJECT_CONVERSION = YES_AGGRESSIVE;
				CLANG_CXX_LANGUAGE_STANDARD = "gnu++14";
				CLANG_CXX_LIBRARY = "libc++";
				CLANG_ENABLE_MODULES = YES;
				CLANG_ENABLE_OBJC_ARC = YES;
				CLANG_ENABLE_OBJC_WEAK = YES;
				CLANG_WARN_BLOCK_CAPTURE_AUTORELEASING = YES;
				CLANG_WARN_BOOL_CONVERSION = YES;
				CLANG_WARN_COMMA = YES;
				CLANG_WARN_CONSTANT_CONVERSION = YES;
				CLANG_WARN_DEPRECATED_OBJC_IMPLEMENTATIONS = YES;
				CLANG_WARN_DIRECT_OBJC_ISA_USAGE = YES_ERROR;
				CLANG_WARN_DOCUMENTATION_COMMENTS = YES;
				CLANG_WARN_EMPTY_BODY = YES;
				CLANG_WARN_ENUM_CONVERSION = YES;
				CLANG_WARN_INFINITE_RECURSION = YES;
				CLANG_WARN_INT_CONVERSION = YES;
				CLANG_WARN_NON_LITERAL_NULL_CONVERSION = YES;
				CLANG_WARN_OBJC_IMPLICIT_RETAIN_SELF = YES;
				CLANG_WARN_OBJC_LITERAL_CONVERSION = YES;
				CLANG_WARN_OBJC_ROOT_CLASS = YES_ERROR;
				CLANG_WARN_RANGE_LOOP_ANALYSIS = YES;
				CLANG_WARN_STRICT_PROTOTYPES = YES;
				CLANG_WARN_SUSPICIOUS_MOVE = YES;
				CLANG_WARN_UNGUARDED_AVAILABILITY = YES_AGGRESSIVE;
				CLANG_WARN_UNREACHABLE_CODE = YES;
				CLANG_WARN__DUPLICATE_METHOD_MATCH = YES;
				CODE_SIGN_IDENTITY = "Mac Developer";
				COPY_PHASE_STRIP = NO;
				DEBUG_INFORMATION_FORMAT = "dwarf-with-dsym";
				ENABLE_NS_ASSERTIONS = NO;
				ENABLE_STRICT_OBJC_MSGSEND = YES;
				GCC_C_LANGUAGE_STANDARD = gnu11;
				GCC_NO_COMMON_BLOCKS = YES;
				GCC_WARN_64_TO_32_BIT_CONVERSION = YES;
				GCC_WARN_ABOUT_RETURN_TYPE = YES_ERROR;
				GCC_WARN_UNDECLARED_SELECTOR = YES;
				GCC_WARN_UNINITIALIZED_AUTOS = YES_AGGRESSIVE;
				GCC_WARN_UNUSED_FUNCTION = YES;
				GCC_WARN_UNUSED_VARIABLE = YES;
				MACOSX_DEPLOYMENT_TARGET = 10.14;
				MTL_ENABLE_DEBUG_INFO = NO;
				MTL_FAST_MATH = YES;
				SDKROOT = macosx;
			};
			name = Release;
		};
		44AA3114227A2BD200703AB9 /* Debug */ = {
			isa = XCBuildConfiguration;
			buildSettings = {
				CODE_SIGN_STYLE = Automatic;
				DEVELOPMENT_TEAM = NH6AR4LY3J;
				PRODUCT_NAME = "$(TARGET_NAME)";
			};
			name = Debug;
		};
		44AA3115227A2BD200703AB9 /* Release */ = {
			isa = XCBuildConfiguration;
			buildSettings = {
				CODE_SIGN_STYLE = Automatic;
				DEVELOPMENT_TEAM = NH6AR4LY3J;
				PRODUCT_NAME = "$(TARGET_NAME)";
			};
			name = Release;
		};
		44AA3125227B902300703AB9 /* Debug */ = {
			isa = XCBuildConfiguration;
			buildSettings = {
				CODE_SIGN_STYLE = Automatic;
				DEVELOPMENT_TEAM = NH6AR4LY3J;
				PRODUCT_NAME = "$(TARGET_NAME)";
			};
			name = Debug;
		};
		44AA3126227B902300703AB9 /* Release */ = {
			isa = XCBuildConfiguration;
			buildSettings = {
				CODE_SIGN_STYLE = Automatic;
				DEVELOPMENT_TEAM = NH6AR4LY3J;
				PRODUCT_NAME = "$(TARGET_NAME)";
			};
			name = Release;
		};
/* End XCBuildConfiguration section */

/* Begin XCConfigurationList section */
		44AA3107227A2BD200703AB9 /* Build configuration list for PBXProject "Hash-Tables" */ = {
			isa = XCConfigurationList;
			buildConfigurations = (
				44AA3111227A2BD200703AB9 /* Debug */,
				44AA3112227A2BD200703AB9 /* Release */,
			);
			defaultConfigurationIsVisible = 0;
			defaultConfigurationName = Release;
		};
		44AA3113227A2BD200703AB9 /* Build configuration list for PBXNativeTarget "Hash-Tables" */ = {
			isa = XCConfigurationList;
			buildConfigurations = (
				44AA3114227A2BD200703AB9 /* Debug */,
				44AA3115227A2BD200703AB9 /* Release */,
			);
			defaultConfigurationIsVisible = 0;
			defaultConfigurationName = Release;
		};
		44AA3124227B902300703AB9 /* Build configuration list for PBXNativeTarget "full_hash_table" */ = {
			isa = XCConfigurationList;
			buildConfigurations = (
				44AA3125227B902300703AB9 /* Debug */,
				44AA3126227B902300703AB9 /* Release */,
			);
			defaultConfigurationIsVisible = 0;
			defaultConfigurationName = Release;
		};
/* End XCConfigurationList section */
	};
	rootObject = 44AA3104227A2BD200703AB9 /* Project object */;
}
